
Microsoft Visual Studio Solution File, Format Version 12.00
# Visual Studio 15
VisualStudioVersion = 15.0.26228.4
MinimumVisualStudioVersion = 10.0.40219.1
Project("{FAE04EC0-301F-11D3-BF4B-00C04F79EFBC}") = "Framework", "Framework\Framework.csproj", "{2DFE87D1-D682-4435-A5E0-301D906DF76A}"
EndProject
Project("{2150E333-8FDC-42A3-9474-1A3956D46DE8}") = "Solution Items", "Solution Items", "{790124B0-DEBE-410C-A147-FA49FD02F5AA}"
	ProjectSection(SolutionItems) = preProject
		.gitignore = .gitignore
		CHANGELOG.md = CHANGELOG.md
		LICENSE.md = LICENSE.md
		README.md = README.md
		lib\sap\SAPBusinessOneSDK.dll = lib\sap\SAPBusinessOneSDK.dll
	EndProjectSection
EndProject
Project("{FAE04EC0-301F-11D3-BF4B-00C04F79EFBC}") = "Tests.Feature", "Tests.Feature\Tests.Feature.csproj", "{92178385-B44F-48EE-8AFA-6528DDAB221D}"
EndProject
Project("{FAE04EC0-301F-11D3-BF4B-00C04F79EFBC}") = "Tests.Unit", "Tests.Unit\Tests.Unit.csproj", "{24E150D1-CE2F-40E8-B066-97BA8A9D7699}"
EndProject
Global
	GlobalSection(SolutionConfigurationPlatforms) = preSolution
		Debug|Any CPU = Debug|Any CPU
		Release|Any CPU = Release|Any CPU
	EndGlobalSection
	GlobalSection(ProjectConfigurationPlatforms) = postSolution
		{2DFE87D1-D682-4435-A5E0-301D906DF76A}.Debug|Any CPU.ActiveCfg = Debug|Any CPU
		{2DFE87D1-D682-4435-A5E0-301D906DF76A}.Debug|Any CPU.Build.0 = Debug|Any CPU
		{2DFE87D1-D682-4435-A5E0-301D906DF76A}.Release|Any CPU.ActiveCfg = Release|Any CPU
		{2DFE87D1-D682-4435-A5E0-301D906DF76A}.Release|Any CPU.Build.0 = Release|Any CPU
		{92178385-B44F-48EE-8AFA-6528DDAB221D}.Debug|Any CPU.ActiveCfg = Debug|Any CPU
		{92178385-B44F-48EE-8AFA-6528DDAB221D}.Debug|Any CPU.Build.0 = Debug|Any CPU
		{92178385-B44F-48EE-8AFA-6528DDAB221D}.Release|Any CPU.ActiveCfg = Release|Any CPU
		{92178385-B44F-48EE-8AFA-6528DDAB221D}.Release|Any CPU.Build.0 = Release|Any CPU
		{24E150D1-CE2F-40E8-B066-97BA8A9D7699}.Debug|Any CPU.ActiveCfg = Debug|Any CPU
		{24E150D1-CE2F-40E8-B066-97BA8A9D7699}.Debug|Any CPU.Build.0 = Debug|Any CPU
		{24E150D1-CE2F-40E8-B066-97BA8A9D7699}.Release|Any CPU.ActiveCfg = Release|Any CPU
		{24E150D1-CE2F-40E8-B066-97BA8A9D7699}.Release|Any CPU.Build.0 = Release|Any CPU
	EndGlobalSection
	GlobalSection(SolutionProperties) = preSolution
		HideSolutionNode = FALSE
	EndGlobalSection
EndGlobal
